{
  "name": "collie",
  "version": "0.0.1",
  "lockfileVersion": 1,
  "requires": true,
  "dependencies": {
    "@types/color-name": {
      "version": "1.1.1",
      "resolved": "https://registry.npm.taobao.org/@types/color-name/download/@types/color-name-1.1.1.tgz?cache=0&sync_timestamp=1572460951965&other_urls=https%3A%2F%2Fregistry.npm.taobao.org%2F%40types%2Fcolor-name%2Fdownload%2F%40types%2Fcolor-name-1.1.1.tgz",
      "integrity": "sha1-HBJhu+qhCoBVu8XYq4S3sq/IRqA="
    },
    "ansi-regex": {
      "version": "5.0.0",
      "resolved": "https://registry.npm.taobao.org/ansi-regex/download/ansi-regex-5.0.0.tgz",
      "integrity": "sha1-OIU59VF5vzkznIGvMKZU1p+Hy3U="
    },
    "ansi-styles": {
      "version": "4.2.1",
      "resolved": "https://registry.npm.taobao.org/ansi-styles/download/ansi-styles-4.2.1.tgz",
      "integrity": "sha1-kK51xCTQCNJiTFvynq0xd+v881k=",
      "requires": {
        "@types/color-name": "^1.1.1",
        "color-convert": "^2.0.1"
      }
    },
    "axios": {
      "version": "0.19.1",
      "resolved": "https://registry.npm.taobao.org/axios/download/axios-0.19.1.tgz",
      "integrity": "sha1-imoE7tI9/nJ0fh3UPGBLjxZ3tao=",
      "requires": {
        "follow-redirects": "1.5.10"
      }
    },
    "bl": {
      "version": "1.2.2",
      "resolved": "https://registry.npm.taobao.org/bl/download/bl-1.2.2.tgz?cache=0&sync_timestamp=1568859135081&other_urls=https%3A%2F%2Fregistry.npm.taobao.org%2Fbl%2Fdownload%2Fbl-1.2.2.tgz",
      "integrity": "sha1-oWCRFxcQPAdBDO9j71Gzl8Alr5w=",
      "requires": {
        "readable-stream": "^2.3.5",
        "safe-buffer": "^5.1.1"
      }
    },
    "buffer-alloc": {
      "version": "1.2.0",
      "resolved": "https://registry.npm.taobao.org/buffer-alloc/download/buffer-alloc-1.2.0.tgz",
      "integrity": "sha1-iQ3ZDZI6hz4I4Q5f1RpX5bfM4Ow=",
      "requires": {
        "buffer-alloc-unsafe": "^1.1.0",
        "buffer-fill": "^1.0.0"
      }
    },
    "buffer-alloc-unsafe": {
      "version": "1.1.0",
      "resolved": "https://registry.npm.taobao.org/buffer-alloc-unsafe/download/buffer-alloc-unsafe-1.1.0.tgz",
      "integrity": "sha1-vX3CauKXLQ7aJTvgYdupkjScGfA="
    },
    "buffer-crc32": {
      "version": "0.2.13",
      "resolved": "https://registry.npm.taobao.org/buffer-crc32/download/buffer-crc32-0.2.13.tgz",
      "integrity": "sha1-DTM+PwDqxQqhRUq9MO+MKl2ackI="
    },
    "buffer-fill": {
      "version": "1.0.0",
      "resolved": "https://registry.npm.taobao.org/buffer-fill/download/buffer-fill-1.0.0.tgz",
      "integrity": "sha1-+PeLdniYiO858gXNY39o5wISKyw="
    },
    "camelcase": {
      "version": "5.3.1",
      "resolved": "https://registry.npm.taobao.org/camelcase/download/camelcase-5.3.1.tgz",
      "integrity": "sha1-48mzFWnhBoEd8kL3FXJaH0xJQyA="
    },
    "chalk": {
      "version": "3.0.0",
      "resolved": "https://registry.npm.taobao.org/chalk/download/chalk-3.0.0.tgz?cache=0&sync_timestamp=1573282918610&other_urls=https%3A%2F%2Fregistry.npm.taobao.org%2Fchalk%2Fdownload%2Fchalk-3.0.0.tgz",
      "integrity": "sha1-P3PCv1JlkfV0zEksUeJFY0n4ROQ=",
      "requires": {
        "ansi-styles": "^4.1.0",
        "supports-color": "^7.1.0"
      }
    },
    "cliui": {
      "version": "6.0.0",
      "resolved": "https://registry.npm.taobao.org/cliui/download/cliui-6.0.0.tgz?cache=0&sync_timestamp=1573943292170&other_urls=https%3A%2F%2Fregistry.npm.taobao.org%2Fcliui%2Fdownload%2Fcliui-6.0.0.tgz",
      "integrity": "sha1-UR1wLAxOQcoVbX0OlgIfI+EyJbE=",
      "requires": {
        "string-width": "^4.2.0",
        "strip-ansi": "^6.0.0",
        "wrap-ansi": "^6.2.0"
      }
    },
    "color-convert": {
      "version": "2.0.1",
      "resolved": "https://registry.npm.taobao.org/color-convert/download/color-convert-2.0.1.tgz?cache=0&sync_timestamp=1566248870121&other_urls=https%3A%2F%2Fregistry.npm.taobao.org%2Fcolor-convert%2Fdownload%2Fcolor-convert-2.0.1.tgz",
      "integrity": "sha1-ctOmjVmMm9s68q0ehPIdiWq9TeM=",
      "requires": {
        "color-name": "~1.1.4"
      }
    },
    "color-name": {
      "version": "1.1.4",
      "resolved": "https://registry.npm.taobao.org/color-name/download/color-name-1.1.4.tgz",
      "integrity": "sha1-wqCah6y95pVD3m9j+jmVyCbFNqI="
    },
    "compressing": {
      "version": "1.5.0",
      "resolved": "https://registry.npm.taobao.org/compressing/download/compressing-1.5.0.tgz?cache=0&sync_timestamp=1575450887099&other_urls=https%3A%2F%2Fregistry.npm.taobao.org%2Fcompressing%2Fdownload%2Fcompressing-1.5.0.tgz",
      "integrity": "sha1-xrBJQvmSO85ZVhuNBNfwl3ZCPrw=",
      "requires": {
        "flushwritable": "^1.0.0",
        "get-ready": "^1.0.0",
        "iconv-lite": "^0.5.0",
        "mkdirp": "^0.5.1",
        "pump": "^3.0.0",
        "streamifier": "^0.1.1",
        "tar-stream": "^1.5.2",
        "yauzl": "^2.7.0",
        "yazl": "^2.4.2"
      }
    },
    "core-util-is": {
      "version": "1.0.2",
      "resolved": "https://registry.npm.taobao.org/core-util-is/download/core-util-is-1.0.2.tgz",
      "integrity": "sha1-tf1UIgqivFq1eqtxQMlAdUUDwac="
    },
    "debug": {
      "version": "3.1.0",
      "resolved": "https://registry.npm.taobao.org/debug/download/debug-3.1.0.tgz",
      "integrity": "sha1-W7WgZyYotkFJVmuhaBnmFRjGcmE=",
      "requires": {
        "ms": "2.0.0"
      }
    },
    "decamelize": {
      "version": "1.2.0",
      "resolved": "https://registry.npm.taobao.org/decamelize/download/decamelize-1.2.0.tgz?cache=0&other_urls=https%3A%2F%2Fregistry.npm.taobao.org%2Fdecamelize%2Fdownload%2Fdecamelize-1.2.0.tgz",
      "integrity": "sha1-9lNNFRSCabIDUue+4m9QH5oZEpA="
    },
    "dns-packet": {
      "version": "1.3.1",
      "resolved": "https://registry.npm.taobao.org/dns-packet/download/dns-packet-1.3.1.tgz",
      "integrity": "sha1-EqpCaYEHW+UAuRDu3NC0fdfe2lo=",
      "requires": {
        "ip": "^1.1.0",
        "safe-buffer": "^5.0.1"
      }
    },
    "dns-socket": {
      "version": "1.6.3",
      "resolved": "https://registry.npm.taobao.org/dns-socket/download/dns-socket-1.6.3.tgz",
      "integrity": "sha1-UmhyT61KpGrZxcpP/NFuHeU0Kqs=",
      "requires": {
        "dns-packet": "^1.1.0"
      }
    },
    "emoji-regex": {
      "version": "8.0.0",
      "resolved": "https://registry.npm.taobao.org/emoji-regex/download/emoji-regex-8.0.0.tgz",
      "integrity": "sha1-6Bj9ac5cz8tARZT4QpY79TFkzDc="
    },
    "end-of-stream": {
      "version": "1.4.4",
      "resolved": "https://registry.npm.taobao.org/end-of-stream/download/end-of-stream-1.4.4.tgz?cache=0&sync_timestamp=1569416367473&other_urls=https%3A%2F%2Fregistry.npm.taobao.org%2Fend-of-stream%2Fdownload%2Fend-of-stream-1.4.4.tgz",
      "integrity": "sha1-WuZKX0UFe682JuwU2gyl5LJDHrA=",
      "requires": {
        "once": "^1.4.0"
      }
    },
    "fd-slicer": {
      "version": "1.1.0",
      "resolved": "https://registry.npm.taobao.org/fd-slicer/download/fd-slicer-1.1.0.tgz",
      "integrity": "sha1-JcfInLH5B3+IkbvmHY85Dq4lbx4=",
      "requires": {
        "pend": "~1.2.0"
      }
    },
    "find-up": {
      "version": "4.1.0",
      "resolved": "https://registry.npm.taobao.org/find-up/download/find-up-4.1.0.tgz",
      "integrity": "sha1-l6/n1s3AvFkoWEt8jXsW6KmqXRk=",
      "requires": {
        "locate-path": "^5.0.0",
        "path-exists": "^4.0.0"
      }
    },
    "flushwritable": {
      "version": "1.0.0",
      "resolved": "https://registry.npm.taobao.org/flushwritable/download/flushwritable-1.0.0.tgz",
      "integrity": "sha1-PjKNj95BKtR+c44751C00pAENJg="
    },
    "follow-redirects": {
      "version": "1.5.10",
      "resolved": "https://registry.npm.taobao.org/follow-redirects/download/follow-redirects-1.5.10.tgz?cache=0&other_urls=https%3A%2F%2Fregistry.npm.taobao.org%2Ffollow-redirects%2Fdownload%2Ffollow-redirects-1.5.10.tgz",
      "integrity": "sha1-e3qfmuov3/NnhqlP9kPtB/T/Xio=",
      "requires": {
        "debug": "=3.1.0"
      }
    },
    "fs-constants": {
      "version": "1.0.0",
      "resolved": "https://registry.npm.taobao.org/fs-constants/download/fs-constants-1.0.0.tgz",
      "integrity": "sha1-a+Dem+mYzhavivwkSXue6bfM2a0="
    },
    "fs-extra": {
      "version": "8.1.0",
      "resolved": "https://registry.npm.taobao.org/fs-extra/download/fs-extra-8.1.0.tgz",
      "integrity": "sha1-SdQ8RaiM2Wd2aMt74bRu/bjS4cA=",
      "requires": {
        "graceful-fs": "^4.2.0",
        "jsonfile": "^4.0.0",
        "universalify": "^0.1.0"
      }
    },
    "get-caller-file": {
      "version": "2.0.5",
      "resolved": "https://registry.npm.taobao.org/get-caller-file/download/get-caller-file-2.0.5.tgz",
      "integrity": "sha1-T5RBKoLbMvNuOwuXQfipf+sDH34="
    },
    "get-ready": {
      "version": "1.0.0",
      "resolved": "https://registry.npm.taobao.org/get-ready/download/get-ready-1.0.0.tgz",
      "integrity": "sha1-+RgX8emt7P6hOlYq38jeiDqzR4I="
    },
    "graceful-fs": {
      "version": "4.2.3",
      "resolved": "https://registry.npm.taobao.org/graceful-fs/download/graceful-fs-4.2.3.tgz",
      "integrity": "sha1-ShL/G2A3bvCYYsIJPt2Qgyi+hCM="
    },
    "has-flag": {
      "version": "4.0.0",
      "resolved": "https://registry.npm.taobao.org/has-flag/download/has-flag-4.0.0.tgz",
      "integrity": "sha1-lEdx/ZyByBJlxNaUGGDaBrtZR5s="
    },
    "iconv-lite": {
      "version": "0.5.1",
      "resolved": "https://registry.npm.taobao.org/iconv-lite/download/iconv-lite-0.5.1.tgz?cache=0&sync_timestamp=1579333981154&other_urls=https%3A%2F%2Fregistry.npm.taobao.org%2Ficonv-lite%2Fdownload%2Ficonv-lite-0.5.1.tgz",
      "integrity": "sha1-skJdPHsY9yGfLKZj0QO925FxjWQ=",
      "requires": {
        "safer-buffer": ">= 2.1.2 < 3"
      }
    },
    "inherits": {
      "version": "2.0.4",
      "resolved": "https://registry.npm.taobao.org/inherits/download/inherits-2.0.4.tgz?cache=0&sync_timestamp=1560975547815&other_urls=https%3A%2F%2Fregistry.npm.taobao.org%2Finherits%2Fdownload%2Finherits-2.0.4.tgz",
      "integrity": "sha1-D6LGT5MpF8NDOg3tVTY6rjdBa3w="
    },
    "ini": {
      "version": "1.3.5",
      "resolved": "https://registry.npm.taobao.org/ini/download/ini-1.3.5.tgz",
      "integrity": "sha1-7uJfVtscnsYIXgwid4CD9Zar+Sc="
    },
    "internet-available": {
      "version": "1.0.0",
      "resolved": "https://registry.npm.taobao.org/internet-available/download/internet-available-1.0.0.tgz",
      "integrity": "sha1-a4PtPvegU/0kxt09zRU+hVfhl8I=",
      "requires": {
        "dns-socket": "^1.6.1"
      }
    },
    "ip": {
      "version": "1.1.5",
      "resolved": "https://registry.npm.taobao.org/ip/download/ip-1.1.5.tgz",
      "integrity": "sha1-vd7XARQpCCjAoDnnLvJfWq7ENUo="
    },
    "is-fullwidth-code-point": {
      "version": "3.0.0",
      "resolved": "https://registry.npm.taobao.org/is-fullwidth-code-point/download/is-fullwidth-code-point-3.0.0.tgz",
      "integrity": "sha1-8Rb4Bk/pCz94RKOJl8C3UFEmnx0="
    },
    "isarray": {
      "version": "1.0.0",
      "resolved": "https://registry.npm.taobao.org/isarray/download/isarray-1.0.0.tgz?cache=0&sync_timestamp=1562592096220&other_urls=https%3A%2F%2Fregistry.npm.taobao.org%2Fisarray%2Fdownload%2Fisarray-1.0.0.tgz",
      "integrity": "sha1-u5NdSFgsuhaMBoNJV6VKPgcSTxE="
    },
    "jsonfile": {
      "version": "4.0.0",
      "resolved": "https://registry.npm.taobao.org/jsonfile/download/jsonfile-4.0.0.tgz",
      "integrity": "sha1-h3Gq4HmbZAdrdmQPygWPnBDjPss=",
      "requires": {
        "graceful-fs": "^4.1.6"
      }
    },
    "locate-path": {
      "version": "5.0.0",
      "resolved": "https://registry.npm.taobao.org/locate-path/download/locate-path-5.0.0.tgz",
      "integrity": "sha1-Gvujlq/WdqbUJQTQpno6frn2KqA=",
      "requires": {
        "p-locate": "^4.1.0"
      }
    },
    "minimist": {
      "version": "0.0.8",
      "resolved": "https://registry.npm.taobao.org/minimist/download/minimist-0.0.8.tgz",
      "integrity": "sha1-hX/Kv8M5fSYluCKCYuhqp6ARsF0="
    },
    "mkdirp": {
      "version": "0.5.1",
      "resolved": "https://registry.npm.taobao.org/mkdirp/download/mkdirp-0.5.1.tgz?cache=0&other_urls=https%3A%2F%2Fregistry.npm.taobao.org%2Fmkdirp%2Fdownload%2Fmkdirp-0.5.1.tgz",
      "integrity": "sha1-MAV0OOrGz3+MR2fzhkjWaX11yQM=",
      "requires": {
        "minimist": "0.0.8"
      }
    },
    "ms": {
      "version": "2.0.0",
      "resolved": "https://registry.npm.taobao.org/ms/download/ms-2.0.0.tgz?cache=0&other_urls=https%3A%2F%2Fregistry.npm.taobao.org%2Fms%2Fdownload%2Fms-2.0.0.tgz",
      "integrity": "sha1-VgiurfwAvmwpAd9fmGF4jeDVl8g="
    },
    "once": {
      "version": "1.4.0",
      "resolved": "https://registry.npm.taobao.org/once/download/once-1.4.0.tgz",
      "integrity": "sha1-WDsap3WWHUsROsF9nFC6753Xa9E=",
      "requires": {
        "wrappy": "1"
      }
    },
    "p-limit": {
      "version": "2.2.2",
      "resolved": "https://registry.npm.taobao.org/p-limit/download/p-limit-2.2.2.tgz",
      "integrity": "sha1-YSebZ3IfUoeqHBOpp/u8SMkpGx4=",
      "requires": {
        "p-try": "^2.0.0"
      }
    },
    "p-locate": {
      "version": "4.1.0",
      "resolved": "https://registry.npm.taobao.org/p-locate/download/p-locate-4.1.0.tgz",
      "integrity": "sha1-o0KLtwiLOmApL2aRkni3wpetTwc=",
      "requires": {
        "p-limit": "^2.2.0"
      }
    },
    "p-try": {
      "version": "2.2.0",
      "resolved": "https://registry.npm.taobao.org/p-try/download/p-try-2.2.0.tgz",
      "integrity": "sha1-yyhoVA4xPWHeWPr741zpAE1VQOY="
    },
    "path-exists": {
      "version": "4.0.0",
      "resolved": "https://registry.npm.taobao.org/path-exists/download/path-exists-4.0.0.tgz",
      "integrity": "sha1-UTvb4tO5XXdi6METfvoZXGxhtbM="
    },
    "pend": {
      "version": "1.2.0",
      "resolved": "https://registry.npm.taobao.org/pend/download/pend-1.2.0.tgz",
      "integrity": "sha1-elfrVQpng/kRUzH89GY9XI4AelA="
    },
    "process-nextick-args": {
      "version": "2.0.1",
      "resolved": "https://registry.npm.taobao.org/process-nextick-args/download/process-nextick-args-2.0.1.tgz",
      "integrity": "sha1-eCDZsWEgzFXKmud5JoCufbptf+I="
    },
    "pump": {
      "version": "3.0.0",
      "resolved": "https://registry.npm.taobao.org/pump/download/pump-3.0.0.tgz",
      "integrity": "sha1-tKIRaBW94vTh6mAjVOjHVWUQemQ=",
      "requires": {
        "end-of-stream": "^1.1.0",
        "once": "^1.3.1"
      }
    },
    "readable-stream": {
      "version": "2.3.7",
      "resolved": "https://registry.npm.taobao.org/readable-stream/download/readable-stream-2.3.7.tgz",
      "integrity": "sha1-Hsoc9xGu+BTAT2IlKjamL2yyO1c=",
      "requires": {
        "core-util-is": "~1.0.0",
        "inherits": "~2.0.3",
        "isarray": "~1.0.0",
        "process-nextick-args": "~2.0.0",
        "safe-buffer": "~5.1.1",
        "string_decoder": "~1.1.1",
        "util-deprecate": "~1.0.1"
      },
      "dependencies": {
        "safe-buffer": {
          "version": "5.1.2",
          "resolved": "https://registry.npm.taobao.org/safe-buffer/download/safe-buffer-5.1.2.tgz",
          "integrity": "sha1-mR7GnSluAxN0fVm9/St0XDX4go0="
        }
      }
    },
    "require-directory": {
      "version": "2.1.1",
      "resolved": "https://registry.npm.taobao.org/require-directory/download/require-directory-2.1.1.tgz",
      "integrity": "sha1-jGStX9MNqxyXbiNE/+f3kqam30I="
    },
    "require-main-filename": {
      "version": "2.0.0",
      "resolved": "https://registry.npm.taobao.org/require-main-filename/download/require-main-filename-2.0.0.tgz",
      "integrity": "sha1-0LMp7MfMD2Fkn2IhW+aa9UqomJs="
    },
    "safe-buffer": {
      "version": "5.2.0",
      "resolved": "https://registry.npm.taobao.org/safe-buffer/download/safe-buffer-5.2.0.tgz",
      "integrity": "sha1-t02uxJsRSPiMZLaNSbHoFcHy9Rk="
    },
    "safer-buffer": {
      "version": "2.1.2",
      "resolved": "https://registry.npm.taobao.org/safer-buffer/download/safer-buffer-2.1.2.tgz?cache=0&other_urls=https%3A%2F%2Fregistry.npm.taobao.org%2Fsafer-buffer%2Fdownload%2Fsafer-buffer-2.1.2.tgz",
      "integrity": "sha1-RPoWGwGHuVSd2Eu5GAL5vYOFzWo="
    },
    "set-blocking": {
      "version": "2.0.0",
      "resolved": "https://registry.npm.taobao.org/set-blocking/download/set-blocking-2.0.0.tgz",
      "integrity": "sha1-BF+XgtARrppoA93TgrJDkrPYkPc="
    },
    "streamifier": {
      "version": "0.1.1",
      "resolved": "https://registry.npm.taobao.org/streamifier/download/streamifier-0.1.1.tgz",
      "integrity": "sha1-l+mNj6TRBdYqJpHR3AfoINuN/E8="
    },
    "string-width": {
      "version": "4.2.0",
      "resolved": "https://registry.npm.taobao.org/string-width/download/string-width-4.2.0.tgz?cache=0&other_urls=https%3A%2F%2Fregistry.npm.taobao.org%2Fstring-width%2Fdownload%2Fstring-width-4.2.0.tgz",
      "integrity": "sha1-lSGCxGzHssMT0VluYjmSvRY7crU=",
      "requires": {
        "emoji-regex": "^8.0.0",
        "is-fullwidth-code-point": "^3.0.0",
        "strip-ansi": "^6.0.0"
      }
    },
    "string_decoder": {
      "version": "1.1.1",
      "resolved": "https://registry.npm.taobao.org/string_decoder/download/string_decoder-1.1.1.tgz?cache=0&sync_timestamp=1565170823020&other_urls=https%3A%2F%2Fregistry.npm.taobao.org%2Fstring_decoder%2Fdownload%2Fstring_decoder-1.1.1.tgz",
      "integrity": "sha1-nPFhG6YmhdcDCunkujQUnDrwP8g=",
      "requires": {
        "safe-buffer": "~5.1.0"
      },
      "dependencies": {
        "safe-buffer": {
          "version": "5.1.2",
          "resolved": "https://registry.npm.taobao.org/safe-buffer/download/safe-buffer-5.1.2.tgz",
          "integrity": "sha1-mR7GnSluAxN0fVm9/St0XDX4go0="
        }
      }
    },
    "strip-ansi": {
      "version": "6.0.0",
      "resolved": "https://registry.npm.taobao.org/strip-ansi/download/strip-ansi-6.0.0.tgz?cache=0&sync_timestamp=1573280518303&other_urls=https%3A%2F%2Fregistry.npm.taobao.org%2Fstrip-ansi%2Fdownload%2Fstrip-ansi-6.0.0.tgz",
      "integrity": "sha1-CxVx3XZpzNTz4G4U7x7tJiJa5TI=",
      "requires": {
        "ansi-regex": "^5.0.0"
      }
    },
    "supports-color": {
      "version": "7.1.0",
      "resolved": "https://registry.npm.taobao.org/supports-color/download/supports-color-7.1.0.tgz?cache=0&other_urls=https%3A%2F%2Fregistry.npm.taobao.org%2Fsupports-color%2Fdownload%2Fsupports-color-7.1.0.tgz",
      "integrity": "sha1-aOMlkd9z4lrRxLSRCKLsUHliv9E=",
      "requires": {
        "has-flag": "^4.0.0"
      }
    },
    "tar-stream": {
      "version": "1.6.2",
      "resolved": "https://registry.npm.taobao.org/tar-stream/download/tar-stream-1.6.2.tgz",
      "integrity": "sha1-jqVdqzeXIlPZqa+Q/c1VmuQ1xVU=",
      "requires": {
        "bl": "^1.0.0",
        "buffer-alloc": "^1.2.0",
        "end-of-stream": "^1.0.0",
        "fs-constants": "^1.0.0",
        "readable-stream": "^2.3.0",
        "to-buffer": "^1.1.1",
        "xtend": "^4.0.0"
      }
    },
    "to-buffer": {
      "version": "1.1.1",
      "resolved": "https://registry.npm.taobao.org/to-buffer/download/to-buffer-1.1.1.tgz",
      "integrity": "sha1-STvUj2LXxD/N7TE6A9ytsuEhOoA="
    },
    "universalify": {
      "version": "0.1.2",
      "resolved": "https://registry.npm.taobao.org/universalify/download/universalify-0.1.2.tgz",
      "integrity": "sha1-tkb2m+OULavOzJ1mOcgNwQXvqmY="
    },
    "util-deprecate": {
      "version": "1.0.2",
      "resolved": "https://registry.npm.taobao.org/util-deprecate/download/util-deprecate-1.0.2.tgz",
      "integrity": "sha1-RQ1Nyfpw3nMnYvvS1KKJgUGaDM8="
    },
    "which-module": {
      "version": "2.0.0",
      "resolved": "https://registry.npm.taobao.org/which-module/download/which-module-2.0.0.tgz",
      "integrity": "sha1-2e8H3Od7mQK4o6j6SzHD4/fm6Ho="
    },
    "wrap-ansi": {
      "version": "6.2.0",
      "resolved": "https://registry.npm.taobao.org/wrap-ansi/download/wrap-ansi-6.2.0.tgz",
      "integrity": "sha1-6Tk7oHEC5skaOyIUePAlfNKFblM=",
      "requires": {
        "ansi-styles": "^4.0.0",
        "string-width": "^4.1.0",
        "strip-ansi": "^6.0.0"
      }
    },
    "wrappy": {
      "version": "1.0.2",
      "resolved": "https://registry.npm.taobao.org/wrappy/download/wrappy-1.0.2.tgz",
      "integrity": "sha1-tSQ9jz7BqjXxNkYFvA0QNuMKtp8="
    },
    "xtend": {
      "version": "4.0.2",
      "resolved": "https://registry.npm.taobao.org/xtend/download/xtend-4.0.2.tgz",
      "integrity": "sha1-u3J3n1+kZRhrH0OPZ0+jR/2121Q="
    },
    "y18n": {
      "version": "4.0.0",
      "resolved": "https://registry.npm.taobao.org/y18n/download/y18n-4.0.0.tgz",
      "integrity": "sha1-le+U+F7MgdAHwmThkKEg8KPIVms="
    },
    "yargs": {
      "version": "15.1.0",
      "resolved": "https://registry.npm.taobao.org/yargs/download/yargs-15.1.0.tgz?cache=0&sync_timestamp=1577940973312&other_urls=https%3A%2F%2Fregistry.npm.taobao.org%2Fyargs%2Fdownload%2Fyargs-15.1.0.tgz",
      "integrity": "sha1-4RE4H1gw6GOolVC9SxNrtqXzchk=",
      "requires": {
        "cliui": "^6.0.0",
        "decamelize": "^1.2.0",
        "find-up": "^4.1.0",
        "get-caller-file": "^2.0.1",
        "require-directory": "^2.1.1",
        "require-main-filename": "^2.0.0",
        "set-blocking": "^2.0.0",
        "string-width": "^4.2.0",
        "which-module": "^2.0.0",
        "y18n": "^4.0.0",
        "yargs-parser": "^16.1.0"
      }
    },
    "yargs-parser": {
      "version": "16.1.0",
      "resolved": "https://registry.npm.taobao.org/yargs-parser/download/yargs-parser-16.1.0.tgz",
      "integrity": "sha1-c3R9U64YfnuNvjM/lXFMduoA7PE=",
      "requires": {
        "camelcase": "^5.0.0",
        "decamelize": "^1.2.0"
      }
    },
    "yauzl": {
      "version": "2.10.0",
      "resolved": "https://registry.npm.taobao.org/yauzl/download/yauzl-2.10.0.tgz",
      "integrity": "sha1-x+sXyT4RLLEIb6bY5R+wZnt5pfk=",
      "requires": {
        "buffer-crc32": "~0.2.3",
        "fd-slicer": "~1.1.0"
      }
    },
    "yazl": {
      "version": "2.5.1",
      "resolved": "https://registry.npm.taobao.org/yazl/download/yazl-2.5.1.tgz",
      "integrity": "sha1-o9ZdPdZZpbCTeFDoYJ8i//orXDU=",
      "requires": {
        "buffer-crc32": "~0.2.3"
      }
    }
  }
}
